<?xml version="1.0" encoding="utf-8"?>
<Project ToolsVersion="4.0" xmlns="http://schemas.microsoft.com/developer/msbuild/2003">
  <ItemGroup>
    <CudaCompile Include="Program.cu" />
    <CudaCompile Include="Sum.cu">
      <Filter>Kernels</Filter>
    </CudaCompile>
  </ItemGroup>
  <ItemGroup>
    <Filter Include="Utilities">
      <UniqueIdentifier>{69a3e946-6035-4b74-8dcf-60ca377e91bb}</UniqueIdentifier>
    </Filter>
    <Filter Include="Kernels">
      <UniqueIdentifier>{820881d2-ada6-4350-b558-42d73621b616}</UniqueIdentifier>
    </Filter>
    <Filter Include="Resources">
      <UniqueIdentifier>{5aba260d-c162-4719-9aa1-fe5ecd038f8a}</UniqueIdentifier>
    </Filter>
    <Filter Include="Headers">
      <UniqueIdentifier>{bd4456d7-04b6-42a5-aec8-73005785ddca}</UniqueIdentifier>
    </Filter>
  </ItemGroup>
  <ItemGroup>
    <ClInclude Include="Utilities.cuh">
      <Filter>Utilities</Filter>
    </ClInclude>
    <ClInclude Include="CudaException.cuh">
      <Filter>Utilities</Filter>
    </ClInclude>
    <ClInclude Include="Sum.cuh">
      <Filter>Kernels</Filter>
    </ClInclude>
    <ClInclude Include="Globals.cuh">
      <Filter>Utilities</Filter>
    </ClInclude>
    <ClInclude Include="stb_image.h">
      <Filter>Headers</Filter>
    </ClInclude>
  </ItemGroup>
  <ItemGroup>
    <Image Include="assets\watLogo.jpg">
      <Filter>Resources</Filter>
    </Image>
    <Image Include="assets\ptak.jpg">
      <Filter>Resources</Filter>
    </Image>
  </ItemGroup>
</Project>